
Microsoft Visual Studio Solution File, Format Version 12.00
# Visual Studio Version 17
VisualStudioVersion = 17.12.35527.113 d17.12
MinimumVisualStudioVersion = 10.0.40219.1
Project("{2150E333-8FDC-42A3-9474-1A3956D46DE8}") = "Core", "Core", "{E72A87CF-A8B2-44CB-B1A4-CE002EADAA51}"
EndProject
Project("{2150E333-8FDC-42A3-9474-1A3956D46DE8}") = "Infrastructure", "Infrastructure", "{7CE42CCD-F584-4CD8-9309-3FCF030DB569}"
EndProject
Project("{2150E333-8FDC-42A3-9474-1A3956D46DE8}") = "Presentation", "Presentation", "{8738FE3A-CB15-4AF3-8CCE-BDFBB6BDE9BB}"
EndProject
Project("{2150E333-8FDC-42A3-9474-1A3956D46DE8}") = "Test", "Test", "{BDE8D065-007E-42E2-AC5E-DDA69FD857CE}"
EndProject
Project("{2150E333-8FDC-42A3-9474-1A3956D46DE8}") = "Projects", "Projects", "{3BB1E344-2E82-4136-9630-BCDA29FEC272}"
EndProject
Project("{FAE04EC0-301F-11D3-BF4B-00C04F79EFBC}") = "MyLibrary.Core.Application", "Projects\Core\MyLibrary.Core.Application\MyLibrary.Core.Application.csproj", "{847435B3-F5FB-407F-8E3C-D1F7C5107B2A}"
EndProject
Project("{FAE04EC0-301F-11D3-BF4B-00C04F79EFBC}") = "MyLibrary.Core.Domain", "Projects\Core\MyLibrary.Core.Domain\MyLibrary.Core.Domain.csproj", "{53BE3D04-6381-49C3-A752-EA352B5DD564}"
EndProject
Project("{FAE04EC0-301F-11D3-BF4B-00C04F79EFBC}") = "MyLibrary.Infrastructure.Persistence", "Projects\Infrastructure\MyLibrary.Infrastructure.Persistence\MyLibrary.Infrastructure.Persistence.csproj", "{6826BE70-BD67-472E-9B6F-9D899075664A}"
EndProject
Project("{FAE04EC0-301F-11D3-BF4B-00C04F79EFBC}") = "MyLibrary.Presentation.WebAPI", "Projects\Presentation\MyLibrary.Presentation.WebAPI\MyLibrary.Presentation.WebAPI.csproj", "{43A11E54-AE25-422D-86EB-84819185DB32}"
EndProject
Project("{FAE04EC0-301F-11D3-BF4B-00C04F79EFBC}") = "MyLibrary.Test.XUnit", "Projects\Test\MyLibrary.Test.XUnit\MyLibrary.Test.XUnit.csproj", "{1296EA2E-6813-4659-9C8E-D859A3804A48}"
EndProject
Global
	GlobalSection(SolutionConfigurationPlatforms) = preSolution
		Debug|Any CPU = Debug|Any CPU
		Release|Any CPU = Release|Any CPU
	EndGlobalSection
	GlobalSection(ProjectConfigurationPlatforms) = postSolution
		{847435B3-F5FB-407F-8E3C-D1F7C5107B2A}.Debug|Any CPU.ActiveCfg = Debug|Any CPU
		{847435B3-F5FB-407F-8E3C-D1F7C5107B2A}.Debug|Any CPU.Build.0 = Debug|Any CPU
		{847435B3-F5FB-407F-8E3C-D1F7C5107B2A}.Release|Any CPU.ActiveCfg = Release|Any CPU
		{847435B3-F5FB-407F-8E3C-D1F7C5107B2A}.Release|Any CPU.Build.0 = Release|Any CPU
		{53BE3D04-6381-49C3-A752-EA352B5DD564}.Debug|Any CPU.ActiveCfg = Debug|Any CPU
		{53BE3D04-6381-49C3-A752-EA352B5DD564}.Debug|Any CPU.Build.0 = Debug|Any CPU
		{53BE3D04-6381-49C3-A752-EA352B5DD564}.Release|Any CPU.ActiveCfg = Release|Any CPU
		{53BE3D04-6381-49C3-A752-EA352B5DD564}.Release|Any CPU.Build.0 = Release|Any CPU
		{6826BE70-BD67-472E-9B6F-9D899075664A}.Debug|Any CPU.ActiveCfg = Debug|Any CPU
		{6826BE70-BD67-472E-9B6F-9D899075664A}.Debug|Any CPU.Build.0 = Debug|Any CPU
		{6826BE70-BD67-472E-9B6F-9D899075664A}.Release|Any CPU.ActiveCfg = Release|Any CPU
		{6826BE70-BD67-472E-9B6F-9D899075664A}.Release|Any CPU.Build.0 = Release|Any CPU
		{43A11E54-AE25-422D-86EB-84819185DB32}.Debug|Any CPU.ActiveCfg = Debug|Any CPU
		{43A11E54-AE25-422D-86EB-84819185DB32}.Debug|Any CPU.Build.0 = Debug|Any CPU
		{43A11E54-AE25-422D-86EB-84819185DB32}.Release|Any CPU.ActiveCfg = Release|Any CPU
		{43A11E54-AE25-422D-86EB-84819185DB32}.Release|Any CPU.Build.0 = Release|Any CPU
		{1296EA2E-6813-4659-9C8E-D859A3804A48}.Debug|Any CPU.ActiveCfg = Debug|Any CPU
		{1296EA2E-6813-4659-9C8E-D859A3804A48}.Debug|Any CPU.Build.0 = Debug|Any CPU
		{1296EA2E-6813-4659-9C8E-D859A3804A48}.Release|Any CPU.ActiveCfg = Release|Any CPU
		{1296EA2E-6813-4659-9C8E-D859A3804A48}.Release|Any CPU.Build.0 = Release|Any CPU
	EndGlobalSection
	GlobalSection(SolutionProperties) = preSolution
		HideSolutionNode = FALSE
	EndGlobalSection
	GlobalSection(NestedProjects) = preSolution
		{E72A87CF-A8B2-44CB-B1A4-CE002EADAA51} = {3BB1E344-2E82-4136-9630-BCDA29FEC272}
		{7CE42CCD-F584-4CD8-9309-3FCF030DB569} = {3BB1E344-2E82-4136-9630-BCDA29FEC272}
		{8738FE3A-CB15-4AF3-8CCE-BDFBB6BDE9BB} = {3BB1E344-2E82-4136-9630-BCDA29FEC272}
		{BDE8D065-007E-42E2-AC5E-DDA69FD857CE} = {3BB1E344-2E82-4136-9630-BCDA29FEC272}
		{847435B3-F5FB-407F-8E3C-D1F7C5107B2A} = {E72A87CF-A8B2-44CB-B1A4-CE002EADAA51}
		{53BE3D04-6381-49C3-A752-EA352B5DD564} = {E72A87CF-A8B2-44CB-B1A4-CE002EADAA51}
		{6826BE70-BD67-472E-9B6F-9D899075664A} = {7CE42CCD-F584-4CD8-9309-3FCF030DB569}
		{43A11E54-AE25-422D-86EB-84819185DB32} = {8738FE3A-CB15-4AF3-8CCE-BDFBB6BDE9BB}
		{1296EA2E-6813-4659-9C8E-D859A3804A48} = {BDE8D065-007E-42E2-AC5E-DDA69FD857CE}
	EndGlobalSection
EndGlobal
